{
  "originHash" : "63593614aa1197cd072ddaedcabf170e5a4b2be744093cbb9888043d3bef499c",
  "pins" : [
    {
      "identity" : "companionkit",
      "kind" : "remoteSourceControl",
      "location" : "https://github.com/DarkStarDS9/CompanionKit.git",
      "state" : {
        "revision" : "c1cac096b96fde4015599d1aee83abdd1bd60edb",
        "version" : "12.3.0"
      }
    }
  ],
  "version" : 3
}
