{
  "originHash" : "63593614aa1197cd072ddaedcabf170e5a4b2be744093cbb9888043d3bef499c",
  "pins" : [
    {
      "identity" : "companionkit",
      "kind" : "remoteSourceControl",
      "location" : "https://github.com/DarkStarDS9/CompanionKit.git",
      "state" : {
        "revision" : "ed03c8afe47725dfca89903b5ba4187fc5f9863d",
        "version" : "12.2.0"
      }
    }
  ],
  "version" : 3
}
